
Microsoft Visual Studio Solution File, Format Version 12.00
# Visual Studio Version 16
VisualStudioVersion = 16.0.32126.315
MinimumVisualStudioVersion = 10.0.40219.1
Project("{FAE04EC0-301F-11D3-BF4B-00C04F79EFBC}") = "ServerRussianMining", "ServerRussianMining\ServerRussianMining.csproj", "{71718D67-41D2-431F-93FE-967A4AB6CFB0}"
EndProject
Global
	GlobalSection(SolutionConfigurationPlatforms) = preSolution
		Debug|Any CPU = Debug|Any CPU
		Release|Any CPU = Release|Any CPU
	EndGlobalSection
	GlobalSection(ProjectConfigurationPlatforms) = postSolution
		{71718D67-41D2-431F-93FE-967A4AB6CFB0}.Debug|Any CPU.ActiveCfg = Debug|Any CPU
		{71718D67-41D2-431F-93FE-967A4AB6CFB0}.Debug|Any CPU.Build.0 = Debug|Any CPU
		{71718D67-41D2-431F-93FE-967A4AB6CFB0}.Release|Any CPU.ActiveCfg = Release|Any CPU
		{71718D67-41D2-431F-93FE-967A4AB6CFB0}.Release|Any CPU.Build.0 = Release|Any CPU
	EndGlobalSection
	GlobalSection(SolutionProperties) = preSolution
		HideSolutionNode = FALSE
	EndGlobalSection
	GlobalSection(ExtensibilityGlobals) = postSolution
		SolutionGuid = {A8E810D6-0E4D-49DE-8FA5-1224CCEEDDE1}
	EndGlobalSection
EndGlobal
